
Microsoft Visual Studio Solution File, Format Version 12.00
# Visual Studio 2013
VisualStudioVersion = 12.0.21005.1
MinimumVisualStudioVersion = 10.0.40219.1
Project("{FAE04EC0-301F-11D3-BF4B-00C04F79EFBC}") = "RAY.OA", "RAY.OA\RAY.OA.csproj", "{91856860-9DFD-4184-BCD7-CCB5D5F75DBE}"
EndProject
Project("{2150E333-8FDC-42A3-9474-1A3956D46DE8}") = "UI", "UI", "{68F7869D-3A05-4F53-9B01-AA3A968AD964}"
EndProject
Project("{2150E333-8FDC-42A3-9474-1A3956D46DE8}") = "BLL", "BLL", "{59398902-C586-4B2D-87C6-C08ADABFBAEC}"
EndProject
Project("{2150E333-8FDC-42A3-9474-1A3956D46DE8}") = "DAL", "DAL", "{CE94C08A-DFDB-4C2C-9C13-7A571B46DD40}"
EndProject
Project("{2150E333-8FDC-42A3-9474-1A3956D46DE8}") = "Model", "Model", "{CF5F4968-25E1-4A4B-A731-5BFE05BC5380}"
EndProject
Project("{FAE04EC0-301F-11D3-BF4B-00C04F79EFBC}") = "Ray.OA.Model", "Ray.OA.Model\Ray.OA.Model.csproj", "{3B39B730-E925-47E1-A8A4-6E77E7D16732}"
EndProject
Project("{FAE04EC0-301F-11D3-BF4B-00C04F79EFBC}") = "Ray.OA.Dal", "Ray.OA.Dal\Ray.OA.Dal.csproj", "{5F5BBBB2-49B1-447E-BF30-EBB21553EAED}"
EndProject
Project("{FAE04EC0-301F-11D3-BF4B-00C04F79EFBC}") = "Ray.OA.BLL", "Ray.OA.BLL\Ray.OA.BLL.csproj", "{985DD44F-40EA-461C-96B6-FAC50D4E34EC}"
EndProject
Project("{FAE04EC0-301F-11D3-BF4B-00C04F79EFBC}") = "Ray.OA.UniTest", "UnitTestProject\Ray.OA.UniTest.csproj", "{A2785629-22CA-4BF3-BBB4-87C98A2AF1A4}"
EndProject
Project("{2150E333-8FDC-42A3-9474-1A3956D46DE8}") = "Test", "Test", "{7AB98801-64B0-4277-BC0B-6276FD74EFE8}"
EndProject
Project("{FAE04EC0-301F-11D3-BF4B-00C04F79EFBC}") = "Ray.OA.IDAL", "IBaseDal.cs\Ray.OA.IDAL.csproj", "{22B1893C-0FF0-4FB8-96D6-03512147F39C}"
EndProject
Project("{2150E333-8FDC-42A3-9474-1A3956D46DE8}") = "Demos", "Demos", "{0A23D3E8-CEE0-4D14-BFA1-99911C4D717F}"
EndProject
Project("{2150E333-8FDC-42A3-9474-1A3956D46DE8}") = "Common", "Common", "{BF24B4C3-3B58-4304-960E-7FA48AB66969}"
EndProject
Project("{FAE04EC0-301F-11D3-BF4B-00C04F79EFBC}") = "RAY.OA.Common", "RAY.OA.Common\RAY.OA.Common.csproj", "{F1709035-E4DA-4AC0-A34C-0DEF89F7AE69}"
EndProject
Project("{FAE04EC0-301F-11D3-BF4B-00C04F79EFBC}") = "Log4NetDemo", "Log4NetDemo\Log4NetDemo.csproj", "{100AD556-EBDB-4276-80D2-102F99E84AB3}"
EndProject
Global
	GlobalSection(SolutionConfigurationPlatforms) = preSolution
		Debug|Any CPU = Debug|Any CPU
		Release|Any CPU = Release|Any CPU
	EndGlobalSection
	GlobalSection(ProjectConfigurationPlatforms) = postSolution
		{91856860-9DFD-4184-BCD7-CCB5D5F75DBE}.Debug|Any CPU.ActiveCfg = Debug|Any CPU
		{91856860-9DFD-4184-BCD7-CCB5D5F75DBE}.Debug|Any CPU.Build.0 = Debug|Any CPU
		{91856860-9DFD-4184-BCD7-CCB5D5F75DBE}.Release|Any CPU.ActiveCfg = Release|Any CPU
		{91856860-9DFD-4184-BCD7-CCB5D5F75DBE}.Release|Any CPU.Build.0 = Release|Any CPU
		{3B39B730-E925-47E1-A8A4-6E77E7D16732}.Debug|Any CPU.ActiveCfg = Debug|Any CPU
		{3B39B730-E925-47E1-A8A4-6E77E7D16732}.Debug|Any CPU.Build.0 = Debug|Any CPU
		{3B39B730-E925-47E1-A8A4-6E77E7D16732}.Release|Any CPU.ActiveCfg = Release|Any CPU
		{3B39B730-E925-47E1-A8A4-6E77E7D16732}.Release|Any CPU.Build.0 = Release|Any CPU
		{5F5BBBB2-49B1-447E-BF30-EBB21553EAED}.Debug|Any CPU.ActiveCfg = Debug|Any CPU
		{5F5BBBB2-49B1-447E-BF30-EBB21553EAED}.Debug|Any CPU.Build.0 = Debug|Any CPU
		{5F5BBBB2-49B1-447E-BF30-EBB21553EAED}.Release|Any CPU.ActiveCfg = Release|Any CPU
		{5F5BBBB2-49B1-447E-BF30-EBB21553EAED}.Release|Any CPU.Build.0 = Release|Any CPU
		{985DD44F-40EA-461C-96B6-FAC50D4E34EC}.Debug|Any CPU.ActiveCfg = Debug|Any CPU
		{985DD44F-40EA-461C-96B6-FAC50D4E34EC}.Debug|Any CPU.Build.0 = Debug|Any CPU
		{985DD44F-40EA-461C-96B6-FAC50D4E34EC}.Release|Any CPU.ActiveCfg = Release|Any CPU
		{985DD44F-40EA-461C-96B6-FAC50D4E34EC}.Release|Any CPU.Build.0 = Release|Any CPU
		{A2785629-22CA-4BF3-BBB4-87C98A2AF1A4}.Debug|Any CPU.ActiveCfg = Debug|Any CPU
		{A2785629-22CA-4BF3-BBB4-87C98A2AF1A4}.Debug|Any CPU.Build.0 = Debug|Any CPU
		{A2785629-22CA-4BF3-BBB4-87C98A2AF1A4}.Release|Any CPU.ActiveCfg = Release|Any CPU
		{A2785629-22CA-4BF3-BBB4-87C98A2AF1A4}.Release|Any CPU.Build.0 = Release|Any CPU
		{22B1893C-0FF0-4FB8-96D6-03512147F39C}.Debug|Any CPU.ActiveCfg = Debug|Any CPU
		{22B1893C-0FF0-4FB8-96D6-03512147F39C}.Debug|Any CPU.Build.0 = Debug|Any CPU
		{22B1893C-0FF0-4FB8-96D6-03512147F39C}.Release|Any CPU.ActiveCfg = Release|Any CPU
		{22B1893C-0FF0-4FB8-96D6-03512147F39C}.Release|Any CPU.Build.0 = Release|Any CPU
		{F1709035-E4DA-4AC0-A34C-0DEF89F7AE69}.Debug|Any CPU.ActiveCfg = Debug|Any CPU
		{F1709035-E4DA-4AC0-A34C-0DEF89F7AE69}.Debug|Any CPU.Build.0 = Debug|Any CPU
		{F1709035-E4DA-4AC0-A34C-0DEF89F7AE69}.Release|Any CPU.ActiveCfg = Release|Any CPU
		{F1709035-E4DA-4AC0-A34C-0DEF89F7AE69}.Release|Any CPU.Build.0 = Release|Any CPU
		{100AD556-EBDB-4276-80D2-102F99E84AB3}.Debug|Any CPU.ActiveCfg = Debug|Any CPU
		{100AD556-EBDB-4276-80D2-102F99E84AB3}.Debug|Any CPU.Build.0 = Debug|Any CPU
		{100AD556-EBDB-4276-80D2-102F99E84AB3}.Release|Any CPU.ActiveCfg = Release|Any CPU
		{100AD556-EBDB-4276-80D2-102F99E84AB3}.Release|Any CPU.Build.0 = Release|Any CPU
	EndGlobalSection
	GlobalSection(SolutionProperties) = preSolution
		HideSolutionNode = FALSE
	EndGlobalSection
	GlobalSection(NestedProjects) = preSolution
		{91856860-9DFD-4184-BCD7-CCB5D5F75DBE} = {68F7869D-3A05-4F53-9B01-AA3A968AD964}
		{985DD44F-40EA-461C-96B6-FAC50D4E34EC} = {59398902-C586-4B2D-87C6-C08ADABFBAEC}
		{5F5BBBB2-49B1-447E-BF30-EBB21553EAED} = {CE94C08A-DFDB-4C2C-9C13-7A571B46DD40}
		{22B1893C-0FF0-4FB8-96D6-03512147F39C} = {CE94C08A-DFDB-4C2C-9C13-7A571B46DD40}
		{3B39B730-E925-47E1-A8A4-6E77E7D16732} = {CF5F4968-25E1-4A4B-A731-5BFE05BC5380}
		{A2785629-22CA-4BF3-BBB4-87C98A2AF1A4} = {7AB98801-64B0-4277-BC0B-6276FD74EFE8}
		{100AD556-EBDB-4276-80D2-102F99E84AB3} = {0A23D3E8-CEE0-4D14-BFA1-99911C4D717F}
		{F1709035-E4DA-4AC0-A34C-0DEF89F7AE69} = {BF24B4C3-3B58-4304-960E-7FA48AB66969}
	EndGlobalSection
EndGlobal
